// !$*UTF8*$!
{
	archiveVersion = 1;
	classes = {
	};
	objectVersion = 50;
	objects = {

/* Begin PBXBuildFile section */
		490CBA7F24F782ED006D0A52 /* AppDelegate.swift in Sources */ = {isa = PBXBuildFile; fileRef = 490CBA7E24F782ED006D0A52 /* AppDelegate.swift */; };
		490CBA8124F782ED006D0A52 /* SceneDelegate.swift in Sources */ = {isa = PBXBuildFile; fileRef = 490CBA8024F782ED006D0A52 /* SceneDelegate.swift */; };
		490CBA8324F782ED006D0A52 /* ViewController.swift in Sources */ = {isa = PBXBuildFile; fileRef = 490CBA8224F782ED006D0A52 /* ViewController.swift */; };
		490CBA8624F782ED006D0A52 /* Main.storyboard in Resources */ = {isa = PBXBuildFile; fileRef = 490CBA8424F782ED006D0A52 /* Main.storyboard */; };
		490CBA8824F782EF006D0A52 /* Assets.xcassets in Resources */ = {isa = PBXBuildFile; fileRef = 490CBA8724F782EF006D0A52 /* Assets.xcassets */; };
		490CBA8B24F782EF006D0A52 /* LaunchScreen.storyboard in Resources */ = {isa = PBXBuildFile; fileRef = 490CBA8924F782EF006D0A52 /* LaunchScreen.storyboard */; };
		49E59EC124F83A0E0009E755 /* Ξ.png in Resources */ = {isa = PBXBuildFile; fileRef = 49E59EC024F83A0E0009E755 /* Ξ.png */; };
		49E59EC324F83A3C0009E755 /* Ξ.jpg in Resources */ = {isa = PBXBuildFile; fileRef = 49E59EC224F83A3C0009E755 /* Ξ.jpg */; };
		49E59EC524F83C7F0009E755 /* 24.png in Resources */ = {isa = PBXBuildFile; fileRef = 49E59EC424F83C7F0009E755 /* 24.png */; };
		49E59EC724F83CF20009E755 /* 25'.png in Resources */ = {isa = PBXBuildFile; fileRef = 49E59EC624F83CF20009E755 /* 25'.png */; };
		49E59ECA24F8494E0009E755 /* MenuViewController.swift in Sources */ = {isa = PBXBuildFile; fileRef = 49E59EC824F8494E0009E755 /* MenuViewController.swift */; };
		49E59ECB24F8494E0009E755 /* SwiftChess in Resources */ = {isa = PBXBuildFile; fileRef = 49E59EC924F8494E0009E755 /* SwiftChess */; };
		49E59F0024F84CBC0009E755 /* LaunchScreen.xib in Resources */ = {isa = PBXBuildFile; fileRef = 49E59EFA24F84CBC0009E755 /* LaunchScreen.xib */; };
		49E59F0124F84CBC0009E755 /* Images.xcassets in Resources */ = {isa = PBXBuildFile; fileRef = 49E59EFC24F84CBC0009E755 /* Images.xcassets */; };
		49E59F0324F84CBC0009E755 /* Main.storyboard in Resources */ = {isa = PBXBuildFile; fileRef = 49E59EFE24F84CBC0009E755 /* Main.storyboard */; };
/* End PBXBuildFile section */

/* Begin PBXContainerItemProxy section */
		49E59ED124F84A420009E755 /* PBXContainerItemProxy */ = {
			isa = PBXContainerItemProxy;
			containerPortal = 49E59ECC24F84A420009E755 /* SwiftChess.xcodeproj */;
			proxyType = 2;
			remoteGlobalIDString = 67A9C9DE1DE64CD200510FB8;
			remoteInfo = SwiftChess;
		};
		49E59ED324F84A420009E755 /* PBXContainerItemProxy */ = {
			isa = PBXContainerItemProxy;
			containerPortal = 49E59ECC24F84A420009E755 /* SwiftChess.xcodeproj */;
			proxyType = 2;
			remoteGlobalIDString = 67A9C9E71DE64CD300510FB8;
			remoteInfo = SwiftChessTests;
		};
		49E59EEC24F84B3D0009E755 /* PBXContainerItemProxy */ = {
			isa = PBXContainerItemProxy;
			containerPortal = 49E59EE724F84B3D0009E755 /* SwiftChess.xcodeproj */;
			proxyType = 2;
			remoteGlobalIDString = 67A9C9DE1DE64CD200510FB8;
			remoteInfo = SwiftChess;
		};
		49E59EEE24F84B3D0009E755 /* PBXContainerItemProxy */ = {
			isa = PBXContainerItemProxy;
			containerPortal = 49E59EE724F84B3D0009E755 /* SwiftChess.xcodeproj */;
			proxyType = 2;
			remoteGlobalIDString = 67A9C9E71DE64CD300510FB8;
			remoteInfo = SwiftChessTests;
		};
/* End PBXContainerItemProxy section */

/* Begin PBXFileReference section */
		490CBA7B24F782ED006D0A52 /* omegaGambit.app */ = {isa = PBXFileReference; explicitFileType = wrapper.application; includeInIndex = 0; path = omegaGambit.app; sourceTree = BUILT_PRODUCTS_DIR; };
		490CBA7E24F782ED006D0A52 /* AppDelegate.swift */ = {isa = PBXFileReference; lastKnownFileType = sourcecode.swift; path = AppDelegate.swift; sourceTree = "<group>"; };
		490CBA8024F782ED006D0A52 /* SceneDelegate.swift */ = {isa = PBXFileReference; lastKnownFileType = sourcecode.swift; path = SceneDelegate.swift; sourceTree = "<group>"; };
		490CBA8224F782ED006D0A52 /* ViewController.swift */ = {isa = PBXFileReference; lastKnownFileType = sourcecode.swift; path = ViewController.swift; sourceTree = "<group>"; };
		490CBA8524F782ED006D0A52 /* Base */ = {isa = PBXFileReference; lastKnownFileType = file.storyboard; name = Base; path = Base.lproj/Main.storyboard; sourceTree = "<group>"; };
		490CBA8724F782EF006D0A52 /* Assets.xcassets */ = {isa = PBXFileReference; lastKnownFileType = folder.assetcatalog; path = Assets.xcassets; sourceTree = "<group>"; };
		490CBA8A24F782EF006D0A52 /* Base */ = {isa = PBXFileReference; lastKnownFileType = file.storyboard; name = Base; path = Base.lproj/LaunchScreen.storyboard; sourceTree = "<group>"; };
		490CBA8C24F782EF006D0A52 /* Info.plist */ = {isa = PBXFileReference; lastKnownFileType = text.plist.xml; path = Info.plist; sourceTree = "<group>"; };
		49E59EC024F83A0E0009E755 /* Ξ.png */ = {isa = PBXFileReference; lastKnownFileType = image.png; name = "Ξ.png"; path = "../../../../Desktop/Ξ.png"; sourceTree = "<group>"; };
		49E59EC224F83A3C0009E755 /* Ξ.jpg */ = {isa = PBXFileReference; lastKnownFileType = image.jpeg; name = "Ξ.jpg"; path = "../../../../Desktop/Ξ.jpg"; sourceTree = "<group>"; };
		49E59EC424F83C7F0009E755 /* 24.png */ = {isa = PBXFileReference; lastKnownFileType = image.png; name = 24.png; path = ../../../../Desktop/24.png; sourceTree = "<group>"; };
		49E59EC624F83CF20009E755 /* 25'.png */ = {isa = PBXFileReference; lastKnownFileType = image.png; name = "25'.png"; path = "../../../../Desktop/25'.png"; sourceTree = "<group>"; };
		49E59EC824F8494E0009E755 /* MenuViewController.swift */ = {isa = PBXFileReference; fileEncoding = 4; lastKnownFileType = sourcecode.swift; name = MenuViewController.swift; path = ../../SwiftChess/Example/SwiftChess/MenuViewController.swift; sourceTree = "<group>"; };
		49E59EC924F8494E0009E755 /* SwiftChess */ = {isa = PBXFileReference; lastKnownFileType = folder; name = SwiftChess; path = ../../SwiftChess/Example/SwiftChess; sourceTree = "<group>"; };
		49E59ECC24F84A420009E755 /* SwiftChess.xcodeproj */ = {isa = PBXFileReference; lastKnownFileType = "wrapper.pb-project"; name = SwiftChess.xcodeproj; path = ../SwiftChess/SwiftChess/SwiftChess.xcodeproj; sourceTree = "<group>"; };
		49E59EE724F84B3D0009E755 /* SwiftChess.xcodeproj */ = {isa = PBXFileReference; lastKnownFileType = "wrapper.pb-project"; name = SwiftChess.xcodeproj; path = ../../../../Desktop/SwiftChess.xcodeproj; sourceTree = "<group>"; };
		49E59EFB24F84CBC0009E755 /* Base */ = {isa = PBXFileReference; lastKnownFileType = file.xib; name = Base; path = ../../SwiftChess/Example/SwiftChess/Base.lproj/LaunchScreen.xib; sourceTree = "<group>"; };
		49E59EFC24F84CBC0009E755 /* Images.xcassets */ = {isa = PBXFileReference; lastKnownFileType = folder.assetcatalog; name = Images.xcassets; path = ../../SwiftChess/Example/SwiftChess/Images.xcassets; sourceTree = "<group>"; };
		49E59EFF24F84CBC0009E755 /* Base */ = {isa = PBXFileReference; lastKnownFileType = file.storyboard; name = Base; path = ../../SwiftChess/Example/SwiftChess/Base.lproj/Main.storyboard; sourceTree = "<group>"; };
/* End PBXFileReference section */

/* Begin PBXFrameworksBuildPhase section */
		490CBA7824F782ED006D0A52 /* Frameworks */ = {
			isa = PBXFrameworksBuildPhase;
			buildActionMask = 2147483647;
			files = (
			);
			runOnlyForDeploymentPostprocessing = 0;
		};
/* End PBXFrameworksBuildPhase section */

/* Begin PBXGroup section */
		490CBA7224F782ED006D0A52 = {
			isa = PBXGroup;
			children = (
				49E59ECC24F84A420009E755 /* SwiftChess.xcodeproj */,
				49E59EE724F84B3D0009E755 /* SwiftChess.xcodeproj */,
				490CBA7D24F782ED006D0A52 /* omegaGambit */,
				490CBA7C24F782ED006D0A52 /* Products */,
				49E59EC024F83A0E0009E755 /* Ξ.png */,
				49E59EC224F83A3C0009E755 /* Ξ.jpg */,
				49E59EC424F83C7F0009E755 /* 24.png */,
				49E59EC624F83CF20009E755 /* 25'.png */,
			);
			sourceTree = "<group>";
		};
		490CBA7C24F782ED006D0A52 /* Products */ = {
			isa = PBXGroup;
			children = (
				490CBA7B24F782ED006D0A52 /* omegaGambit.app */,
			);
			name = Products;
			sourceTree = "<group>";
		};
		490CBA7D24F782ED006D0A52 /* omegaGambit */ = {
			isa = PBXGroup;
			children = (
				490CBA7E24F782ED006D0A52 /* AppDelegate.swift */,
				49E59EC824F8494E0009E755 /* MenuViewController.swift */,
				49E59EFE24F84CBC0009E755 /* Main.storyboard */,
				49E59EC924F8494E0009E755 /* SwiftChess */,
				49E59EFC24F84CBC0009E755 /* Images.xcassets */,
				49E59EFA24F84CBC0009E755 /* LaunchScreen.xib */,
				490CBA8024F782ED006D0A52 /* SceneDelegate.swift */,
				490CBA8224F782ED006D0A52 /* ViewController.swift */,
				490CBA8424F782ED006D0A52 /* Main.storyboard */,
				490CBA8724F782EF006D0A52 /* Assets.xcassets */,
				490CBA8924F782EF006D0A52 /* LaunchScreen.storyboard */,
				490CBA8C24F782EF006D0A52 /* Info.plist */,
			);
			path = omegaGambit;
			sourceTree = "<group>";
		};
		49E59ECD24F84A420009E755 /* Products */ = {
			isa = PBXGroup;
			children = (
				49E59ED224F84A420009E755 /* SwiftChess.framework */,
				49E59ED424F84A420009E755 /* SwiftChessTests.xctest */,
			);
			name = Products;
			sourceTree = "<group>";
		};
		49E59EE824F84B3D0009E755 /* Products */ = {
			isa = PBXGroup;
			children = (
				49E59EED24F84B3D0009E755 /* SwiftChess.framework */,
				49E59EEF24F84B3D0009E755 /* SwiftChessTests.xctest */,
			);
			name = Products;
			sourceTree = "<group>";
		};
/* End PBXGroup section */

/* Begin PBXNativeTarget section */
		490CBA7A24F782ED006D0A52 /* omegaGambit */ = {
			isa = PBXNativeTarget;
			buildConfigurationList = 490CBA8F24F782EF006D0A52 /* Build configuration list for PBXNativeTarget "omegaGambit" */;
			buildPhases = (
				490CBA7724F782ED006D0A52 /* Sources */,
				490CBA7824F782ED006D0A52 /* Frameworks */,
				490CBA7924F782ED006D0A52 /* Resources */,
			);
			buildRules = (
			);
			dependencies = (
			);
			name = omegaGambit;
			productName = omegaGambit;
			productReference = 490CBA7B24F782ED006D0A52 /* omegaGambit.app */;
			productType = "com.apple.product-type.application";
		};
/* End PBXNativeTarget section */

/* Begin PBXProject section */
		490CBA7324F782ED006D0A52 /* Project object */ = {
			isa = PBXProject;
			attributes = {
				LastSwiftUpdateCheck = 1160;
				LastUpgradeCheck = 1160;
				ORGANIZATIONNAME = "Jared Prior";
				TargetAttributes = {
					490CBA7A24F782ED006D0A52 = {
						CreatedOnToolsVersion = 11.6;
					};
				};
			};
			buildConfigurationList = 490CBA7624F782ED006D0A52 /* Build configuration list for PBXProject "omegaGambit" */;
			compatibilityVersion = "Xcode 9.3";
			developmentRegion = en;
			hasScannedForEncodings = 0;
			knownRegions = (
				en,
				Base,
			);
			mainGroup = 490CBA7224F782ED006D0A52;
			productRefGroup = 490CBA7C24F782ED006D0A52 /* Products */;
			projectDirPath = "";
			projectReferences = (
				{
					ProductGroup = 49E59EE824F84B3D0009E755 /* Products */;
					ProjectRef = 49E59EE724F84B3D0009E755 /* SwiftChess.xcodeproj */;
				},
				{
					ProductGroup = 49E59ECD24F84A420009E755 /* Products */;
					ProjectRef = 49E59ECC24F84A420009E755 /* SwiftChess.xcodeproj */;
				},
			);
			projectRoot = "";
			targets = (
				490CBA7A24F782ED006D0A52 /* omegaGambit */,
			);
		};
/* End PBXProject section */

/* Begin PBXReferenceProxy section */
		49E59ED224F84A420009E755 /* SwiftChess.framework */ = {
			isa = PBXReferenceProxy;
			fileType = wrapper.framework;
			path = SwiftChess.framework;
			remoteRef = 49E59ED124F84A420009E755 /* PBXContainerItemProxy */;
			sourceTree = BUILT_PRODUCTS_DIR;
		};
		49E59ED424F84A420009E755 /* SwiftChessTests.xctest */ = {
			isa = PBXReferenceProxy;
			fileType = wrapper.cfbundle;
			path = SwiftChessTests.xctest;
			remoteRef = 49E59ED324F84A420009E755 /* PBXContainerItemProxy */;
			sourceTree = BUILT_PRODUCTS_DIR;
		};
		49E59EED24F84B3D0009E755 /* SwiftChess.framework */ = {
			isa = PBXReferenceProxy;
			fileType = wrapper.framework;
			path = SwiftChess.framework;
			remoteRef = 49E59EEC24F84B3D0009E755 /* PBXContainerItemProxy */;
			sourceTree = BUILT_PRODUCTS_DIR;
		};
		49E59EEF24F84B3D0009E755 /* SwiftChessTests.xctest */ = {
			isa = PBXReferenceProxy;
			fileType = wrapper.cfbundle;
			path = SwiftChessTests.xctest;
			remoteRef = 49E59EEE24F84B3D0009E755 /* PBXContainerItemProxy */;
			sourceTree = BUILT_PRODUCTS_DIR;
		};
/* End PBXReferenceProxy section */

/* Begin PBXResourcesBuildPhase section */
		490CBA7924F782ED006D0A52 /* Resources */ = {
			isa = PBXResourcesBuildPhase;
			buildActionMask = 2147483647;
			files = (
				490CBA8B24F782EF006D0A52 /* LaunchScreen.storyboard in Resources */,
				49E59F0124F84CBC0009E755 /* Images.xcassets in Resources */,
				49E59EC724F83CF20009E755 /* 25'.png in Resources */,
				49E59F0324F84CBC0009E755 /* Main.storyboard in Resources */,
				490CBA8824F782EF006D0A52 /* Assets.xcassets in Resources */,
				49E59EC324F83A3C0009E755 /* Ξ.jpg in Resources */,
				49E59EC124F83A0E0009E755 /* Ξ.png in Resources */,
				49E59ECB24F8494E0009E755 /* SwiftChess in Resources */,
				490CBA8624F782ED006D0A52 /* Main.storyboard in Resources */,
				49E59F0024F84CBC0009E755 /* LaunchScreen.xib in Resources */,
				49E59EC524F83C7F0009E755 /* 24.png in Resources */,
			);
			runOnlyForDeploymentPostprocessing = 0;
		};
/* End PBXResourcesBuildPhase section */

/* Begin PBXSourcesBuildPhase section */
		490CBA7724F782ED006D0A52 /* Sources */ = {
			isa = PBXSourcesBuildPhase;
			buildActionMask = 2147483647;
			files = (
				490CBA8324F782ED006D0A52 /* ViewController.swift in Sources */,
				490CBA7F24F782ED006D0A52 /* AppDelegate.swift in Sources */,
				490CBA8124F782ED006D0A52 /* SceneDelegate.swift in Sources */,
				49E59ECA24F8494E0009E755 /* MenuViewController.swift in Sources */,
			);
			runOnlyForDeploymentPostprocessing = 0;
		};
/* End PBXSourcesBuildPhase section */

/* Begin PBXVariantGroup section */
		490CBA8424F782ED006D0A52 /* Main.storyboard */ = {
			isa = PBXVariantGroup;
			children = (
				490CBA8524F782ED006D0A52 /* Base */,
			);
			name = Main.storyboard;
			sourceTree = "<group>";
		};
		490CBA8924F782EF006D0A52 /* LaunchScreen.storyboard */ = {
			isa = PBXVariantGroup;
			children = (
				490CBA8A24F782EF006D0A52 /* Base */,
			);
			name = LaunchScreen.storyboard;
			sourceTree = "<group>";
		};
		49E59EFA24F84CBC0009E755 /* LaunchScreen.xib */ = {
			isa = PBXVariantGroup;
			children = (
				49E59EFB24F84CBC0009E755 /* Base */,
			);
			name = LaunchScreen.xib;
			sourceTree = "<group>";
		};
		49E59EFE24F84CBC0009E755 /* Main.storyboard */ = {
			isa = PBXVariantGroup;
			children = (
				49E59EFF24F84CBC0009E755 /* Base */,
			);
			name = Main.storyboard;
			sourceTree = "<group>";
		};
/* End PBXVariantGroup section */

/* Begin XCBuildConfiguration section */
		490CBA8D24F782EF006D0A52 /* Debug */ = {
			isa = XCBuildConfiguration;
			buildSettings = {
				ALWAYS_SEARCH_USER_PATHS = NO;
				CLANG_ANALYZER_NONNULL = YES;
				CLANG_ANALYZER_NUMBER_OBJECT_CONVERSION = YES_AGGRESSIVE;
				CLANG_CXX_LANGUAGE_STANDARD = "gnu++14";
				CLANG_CXX_LIBRARY = "libc++";
				CLANG_ENABLE_MODULES = YES;
				CLANG_ENABLE_OBJC_ARC = YES;
				CLANG_ENABLE_OBJC_WEAK = YES;
				CLANG_WARN_BLOCK_CAPTURE_AUTORELEASING = YES;
				CLANG_WARN_BOOL_CONVERSION = YES;
				CLANG_WARN_COMMA = YES;
				CLANG_WARN_CONSTANT_CONVERSION = YES;
				CLANG_WARN_DEPRECATED_OBJC_IMPLEMENTATIONS = YES;
				CLANG_WARN_DIRECT_OBJC_ISA_USAGE = YES_ERROR;
				CLANG_WARN_DOCUMENTATION_COMMENTS = YES;
				CLANG_WARN_EMPTY_BODY = YES;
				CLANG_WARN_ENUM_CONVERSION = YES;
				CLANG_WARN_INFINITE_RECURSION = YES;
				CLANG_WARN_INT_CONVERSION = YES;
				CLANG_WARN_NON_LITERAL_NULL_CONVERSION = YES;
				CLANG_WARN_OBJC_IMPLICIT_RETAIN_SELF = YES;
				CLANG_WARN_OBJC_LITERAL_CONVERSION = YES;
				CLANG_WARN_OBJC_ROOT_CLASS = YES_ERROR;
				CLANG_WARN_RANGE_LOOP_ANALYSIS = YES;
				CLANG_WARN_STRICT_PROTOTYPES = YES;
				CLANG_WARN_SUSPICIOUS_MOVE = YES;
				CLANG_WARN_UNGUARDED_AVAILABILITY = YES_AGGRESSIVE;
				CLANG_WARN_UNREACHABLE_CODE = YES;
				CLANG_WARN__DUPLICATE_METHOD_MATCH = YES;
				COPY_PHASE_STRIP = NO;
				DEBUG_INFORMATION_FORMAT = dwarf;
				ENABLE_STRICT_OBJC_MSGSEND = YES;
				ENABLE_TESTABILITY = YES;
				GCC_C_LANGUAGE_STANDARD = gnu11;
				GCC_DYNAMIC_NO_PIC = NO;
				GCC_NO_COMMON_BLOCKS = YES;
				GCC_OPTIMIZATION_LEVEL = 0;
				GCC_PREPROCESSOR_DEFINITIONS = (
					"DEBUG=1",
					"$(inherited)",
				);
				GCC_WARN_64_TO_32_BIT_CONVERSION = YES;
				GCC_WARN_ABOUT_RETURN_TYPE = YES_ERROR;
				GCC_WARN_UNDECLARED_SELECTOR = YES;
				GCC_WARN_UNINITIALIZED_AUTOS = YES_AGGRESSIVE;
				GCC_WARN_UNUSED_FUNCTION = YES;
				GCC_WARN_UNUSED_VARIABLE = YES;
				IPHONEOS_DEPLOYMENT_TARGET = 13.6;
				MTL_ENABLE_DEBUG_INFO = INCLUDE_SOURCE;
				MTL_FAST_MATH = YES;
				ONLY_ACTIVE_ARCH = YES;
				SDKROOT = iphoneos;
				SWIFT_ACTIVE_COMPILATION_CONDITIONS = DEBUG;
				SWIFT_OPTIMIZATION_LEVEL = "-Onone";
			};
			name = Debug;
		};
		490CBA8E24F782EF006D0A52 /* Release */ = {
			isa = XCBuildConfiguration;
			buildSettings = {
				ALWAYS_SEARCH_USER_PATHS = NO;
				CLANG_ANALYZER_NONNULL = YES;
				CLANG_ANALYZER_NUMBER_OBJECT_CONVERSION = YES_AGGRESSIVE;
				CLANG_CXX_LANGUAGE_STANDARD = "gnu++14";
				CLANG_CXX_LIBRARY = "libc++";
				CLANG_ENABLE_MODULES = YES;
				CLANG_ENABLE_OBJC_ARC = YES;
				CLANG_ENABLE_OBJC_WEAK = YES;
				CLANG_WARN_BLOCK_CAPTURE_AUTORELEASING = YES;
				CLANG_WARN_BOOL_CONVERSION = YES;
				CLANG_WARN_COMMA = YES;
				CLANG_WARN_CONSTANT_CONVERSION = YES;
				CLANG_WARN_DEPRECATED_OBJC_IMPLEMENTATIONS = YES;
				CLANG_WARN_DIRECT_OBJC_ISA_USAGE = YES_ERROR;
				CLANG_WARN_DOCUMENTATION_COMMENTS = YES;
				CLANG_WARN_EMPTY_BODY = YES;
				CLANG_WARN_ENUM_CONVERSION = YES;
				CLANG_WARN_INFINITE_RECURSION = YES;
				CLANG_WARN_INT_CONVERSION = YES;
				CLANG_WARN_NON_LITERAL_NULL_CONVERSION = YES;
				CLANG_WARN_OBJC_IMPLICIT_RETAIN_SELF = YES;
				CLANG_WARN_OBJC_LITERAL_CONVERSION = YES;
				CLANG_WARN_OBJC_ROOT_CLASS = YES_ERROR;
				CLANG_WARN_RANGE_LOOP_ANALYSIS = YES;
				CLANG_WARN_STRICT_PROTOTYPES = YES;
				CLANG_WARN_SUSPICIOUS_MOVE = YES;
				CLANG_WARN_UNGUARDED_AVAILABILITY = YES_AGGRESSIVE;
				CLANG_WARN_UNREACHABLE_CODE = YES;
				CLANG_WARN__DUPLICATE_METHOD_MATCH = YES;
				COPY_PHASE_STRIP = NO;
				DEBUG_INFORMATION_FORMAT = "dwarf-with-dsym";
				ENABLE_NS_ASSERTIONS = NO;
				ENABLE_STRICT_OBJC_MSGSEND = YES;
				GCC_C_LANGUAGE_STANDARD = gnu11;
				GCC_NO_COMMON_BLOCKS = YES;
				GCC_WARN_64_TO_32_BIT_CONVERSION = YES;
				GCC_WARN_ABOUT_RETURN_TYPE = YES_ERROR;
				GCC_WARN_UNDECLARED_SELECTOR = YES;
				GCC_WARN_UNINITIALIZED_AUTOS = YES_AGGRESSIVE;
				GCC_WARN_UNUSED_FUNCTION = YES;
				GCC_WARN_UNUSED_VARIABLE = YES;
				IPHONEOS_DEPLOYMENT_TARGET = 13.6;
				MTL_ENABLE_DEBUG_INFO = NO;
				MTL_FAST_MATH = YES;
				SDKROOT = iphoneos;
				SWIFT_COMPILATION_MODE = wholemodule;
				SWIFT_OPTIMIZATION_LEVEL = "-O";
				VALIDATE_PRODUCT = YES;
			};
			name = Release;
		};
		490CBA9024F782EF006D0A52 /* Debug */ = {
			isa = XCBuildConfiguration;
			buildSettings = {
				ASSETCATALOG_COMPILER_APPICON_NAME = AppIcon;
				CODE_SIGN_STYLE = Automatic;
				INFOPLIST_FILE = omegaGambit/Info.plist;
				LD_RUNPATH_SEARCH_PATHS = (
					"$(inherited)",
					"@executable_path/Frameworks",
				);
				PRODUCT_BUNDLE_IDENTIFIER = com.omegaGambit.omegaGambit;
				PRODUCT_NAME = "$(TARGET_NAME)";
				SWIFT_VERSION = 5.0;
				TARGETED_DEVICE_FAMILY = "1,2";
			};
			name = Debug;
		};
		490CBA9124F782EF006D0A52 /* Release */ = {
			isa = XCBuildConfiguration;
			buildSettings = {
				ASSETCATALOG_COMPILER_APPICON_NAME = AppIcon;
				CODE_SIGN_STYLE = Automatic;
				INFOPLIST_FILE = omegaGambit/Info.plist;
				LD_RUNPATH_SEARCH_PATHS = (
					"$(inherited)",
					"@executable_path/Frameworks",
				);
				PRODUCT_BUNDLE_IDENTIFIER = com.omegaGambit.omegaGambit;
				PRODUCT_NAME = "$(TARGET_NAME)";
				SWIFT_VERSION = 5.0;
				TARGETED_DEVICE_FAMILY = "1,2";
			};
			name = Release;
		};
/* End XCBuildConfiguration section */

/* Begin XCConfigurationList section */
		490CBA7624F782ED006D0A52 /* Build configuration list for PBXProject "omegaGambit" */ = {
			isa = XCConfigurationList;
			buildConfigurations = (
				490CBA8D24F782EF006D0A52 /* Debug */,
				490CBA8E24F782EF006D0A52 /* Release */,
			);
			defaultConfigurationIsVisible = 0;
			defaultConfigurationName = Release;
		};
		490CBA8F24F782EF006D0A52 /* Build configuration list for PBXNativeTarget "omegaGambit" */ = {
			isa = XCConfigurationList;
			buildConfigurations = (
				490CBA9024F782EF006D0A52 /* Debug */,
				490CBA9124F782EF006D0A52 /* Release */,
			);
			defaultConfigurationIsVisible = 0;
			defaultConfigurationName = Release;
		};
/* End XCConfigurationList section */
	};
	rootObject = 490CBA7324F782ED006D0A52 /* Project object */;
}
